
Microsoft Visual Studio Solution File, Format Version 12.00
# Visual Studio Version 17
VisualStudioVersion = 17.10.35122.118
MinimumVisualStudioVersion = 10.0.40219.1
Project("{FAE04EC0-301F-11D3-BF4B-00C04F79EFBC}") = "SFyCSm008e2", "SFyCSm008e2.csproj", "{19BAC192-6A38-44BF-B2D1-0A3602DDF479}"
EndProject
Global
	GlobalSection(SolutionConfigurationPlatforms) = preSolution
		Debug|Any CPU = Debug|Any CPU
		Release|Any CPU = Release|Any CPU
	EndGlobalSection
	GlobalSection(ProjectConfigurationPlatforms) = postSolution
		{19BAC192-6A38-44BF-B2D1-0A3602DDF479}.Debug|Any CPU.ActiveCfg = Debug|Any CPU
		{19BAC192-6A38-44BF-B2D1-0A3602DDF479}.Debug|Any CPU.Build.0 = Debug|Any CPU
		{19BAC192-6A38-44BF-B2D1-0A3602DDF479}.Release|Any CPU.ActiveCfg = Release|Any CPU
		{19BAC192-6A38-44BF-B2D1-0A3602DDF479}.Release|Any CPU.Build.0 = Release|Any CPU
	EndGlobalSection
	GlobalSection(SolutionProperties) = preSolution
		HideSolutionNode = FALSE
	EndGlobalSection
	GlobalSection(ExtensibilityGlobals) = postSolution
		SolutionGuid = {E0786CD1-B0D0-45C6-836F-9216BDC7A178}
	EndGlobalSection
EndGlobal
